{
  "name": "rivendellscrobbler",
  "version": "1.0.0",
  "lockfileVersion": 2,
  "requires": true,
  "packages": {
    "": {
      "name": "rivendellscrobbler",
      "version": "1.0.0",
      "license": "MIT",
      "dependencies": {
        "lastfmapi": "https://github.com/uclaradio/node-lastfmapi.git"
      }
    },
    "node_modules/https": {
      "version": "1.0.0",
      "resolved": "https://registry.npmjs.org/https/-/https-1.0.0.tgz",
      "integrity": "sha512-4EC57ddXrkaF0x83Oj8sM6SLQHAWXw90Skqu2M4AEWENZ3F02dFJE/GARA8igO79tcgYqGrD7ae4f5L3um2lgg=="
    },
    "node_modules/lastfm": {
      "version": "0.9.2",
      "resolved": "git+ssh://git@github.com/uclaradio/lastfm-node.git#d8da98304041d3c8a69dba9faf2af4fa47c70bfc",
      "license": "MIT",
      "dependencies": {
        "https": "^1.0.0",
        "underscore": "~1.6.0"
      }
    },
    "node_modules/lastfmapi": {
      "version": "0.1.1",
      "resolved": "git+ssh://git@github.com/uclaradio/node-lastfmapi.git#6861e113d3adc178369ac5fcc02ad0dade085e24",
      "dependencies": {
        "lastfm": "https://github.com/uclaradio/lastfm-node.git"
      },
      "engines": {
        "node": ">=0.6.0"
      }
    },
    "node_modules/underscore": {
      "version": "1.6.0",
      "resolved": "https://registry.npmjs.org/underscore/-/underscore-1.6.0.tgz",
      "integrity": "sha512-z4o1fvKUojIWh9XuaVLUDdf86RQiq13AC1dmHbTpoyuu+bquHms76v16CjycCbec87J7z0k//SiQVk0sMdFmpQ=="
    }
  },
  "dependencies": {
    "https": {
      "version": "1.0.0",
      "resolved": "https://registry.npmjs.org/https/-/https-1.0.0.tgz",
      "integrity": "sha512-4EC57ddXrkaF0x83Oj8sM6SLQHAWXw90Skqu2M4AEWENZ3F02dFJE/GARA8igO79tcgYqGrD7ae4f5L3um2lgg=="
    },
    "lastfm": {
      "version": "git+ssh://git@github.com/uclaradio/lastfm-node.git#d8da98304041d3c8a69dba9faf2af4fa47c70bfc",
      "from": "lastfm@https://github.com/uclaradio/lastfm-node.git",
      "requires": {
        "https": "^1.0.0",
        "underscore": "~1.6.0"
      }
    },
    "lastfmapi": {
      "version": "git+ssh://git@github.com/uclaradio/node-lastfmapi.git#6861e113d3adc178369ac5fcc02ad0dade085e24",
      "from": "lastfmapi@https://github.com/uclaradio/node-lastfmapi.git",
      "requires": {
        "lastfm": "https://github.com/uclaradio/lastfm-node.git"
      }
    },
    "underscore": {
      "version": "1.6.0",
      "resolved": "https://registry.npmjs.org/underscore/-/underscore-1.6.0.tgz",
      "integrity": "sha512-z4o1fvKUojIWh9XuaVLUDdf86RQiq13AC1dmHbTpoyuu+bquHms76v16CjycCbec87J7z0k//SiQVk0sMdFmpQ=="
    }
  }
}
